// !$*UTF8*$!
{
	archiveVersion = 1;
	classes = {
	};
	objectVersion = 50;
	objects = {

/* Begin PBXBuildFile section */
		6499837B2532288B0064EB9F /* GethackApp.swift in Sources */ = {isa = PBXBuildFile; fileRef = 6499837A2532288B0064EB9F /* GethackApp.swift */; };
		6499837D2532288B0064EB9F /* ContentView.swift in Sources */ = {isa = PBXBuildFile; fileRef = 6499837C2532288B0064EB9F /* ContentView.swift */; };
		6499837F2532288D0064EB9F /* Assets.xcassets in Resources */ = {isa = PBXBuildFile; fileRef = 6499837E2532288D0064EB9F /* Assets.xcassets */; };
		649983822532288D0064EB9F /* Preview Assets.xcassets in Resources */ = {isa = PBXBuildFile; fileRef = 649983812532288D0064EB9F /* Preview Assets.xcassets */; };
		6499838D2532288D0064EB9F /* GethackTests.swift in Sources */ = {isa = PBXBuildFile; fileRef = 6499838C2532288D0064EB9F /* GethackTests.swift */; };
		649983982532288D0064EB9F /* GethackUITests.swift in Sources */ = {isa = PBXBuildFile; fileRef = 649983972532288D0064EB9F /* GethackUITests.swift */; };
		649983B9253233160064EB9F /* SearchProduct.swift in Sources */ = {isa = PBXBuildFile; fileRef = 649983B8253233160064EB9F /* SearchProduct.swift */; };
		649983C4253233390064EB9F /* BuyProduct.swift in Sources */ = {isa = PBXBuildFile; fileRef = 649983C3253233390064EB9F /* BuyProduct.swift */; };
		649983CA253234660064EB9F /* MakePayment.swift in Sources */ = {isa = PBXBuildFile; fileRef = 649983C9253234660064EB9F /* MakePayment.swift */; };
		649983CF2532349A0064EB9F /* ViewProduct.swift in Sources */ = {isa = PBXBuildFile; fileRef = 649983CE2532349A0064EB9F /* ViewProduct.swift */; };
		649983D4253234CD0064EB9F /* AnnounceProduct.swift in Sources */ = {isa = PBXBuildFile; fileRef = 649983D3253234CD0064EB9F /* AnnounceProduct.swift */; };
		649983EA253237210064EB9F /* CreateAccount.swift in Sources */ = {isa = PBXBuildFile; fileRef = 649983E9253237210064EB9F /* CreateAccount.swift */; };
		649983F22532372C0064EB9F /* DeleteAccount.swift in Sources */ = {isa = PBXBuildFile; fileRef = 649983F12532372C0064EB9F /* DeleteAccount.swift */; };
		649983F72532373D0064EB9F /* UpdateAccount.swift in Sources */ = {isa = PBXBuildFile; fileRef = 649983F62532373D0064EB9F /* UpdateAccount.swift */; };
		649983FC253239F60064EB9F /* UpdateProfile.swift in Sources */ = {isa = PBXBuildFile; fileRef = 649983FB253239F60064EB9F /* UpdateProfile.swift */; };
		6499840125323C450064EB9F /* AnnounceServiceNeed.swift in Sources */ = {isa = PBXBuildFile; fileRef = 6499840025323C450064EB9F /* AnnounceServiceNeed.swift */; };
		6499840825323D7B0064EB9F /* AnnounceProductNeed.swift in Sources */ = {isa = PBXBuildFile; fileRef = 6499840725323D7B0064EB9F /* AnnounceProductNeed.swift */; };
/* End PBXBuildFile section */

/* Begin PBXContainerItemProxy section */
		649983892532288D0064EB9F /* PBXContainerItemProxy */ = {
			isa = PBXContainerItemProxy;
			containerPortal = 6499836F2532288B0064EB9F /* Project object */;
			proxyType = 1;
			remoteGlobalIDString = 649983762532288B0064EB9F;
			remoteInfo = Gethack;
		};
		649983942532288D0064EB9F /* PBXContainerItemProxy */ = {
			isa = PBXContainerItemProxy;
			containerPortal = 6499836F2532288B0064EB9F /* Project object */;
			proxyType = 1;
			remoteGlobalIDString = 649983762532288B0064EB9F;
			remoteInfo = Gethack;
		};
/* End PBXContainerItemProxy section */

/* Begin PBXFileReference section */
		649983772532288B0064EB9F /* Gethack.app */ = {isa = PBXFileReference; explicitFileType = wrapper.application; includeInIndex = 0; path = Gethack.app; sourceTree = BUILT_PRODUCTS_DIR; };
		6499837A2532288B0064EB9F /* GethackApp.swift */ = {isa = PBXFileReference; lastKnownFileType = sourcecode.swift; path = GethackApp.swift; sourceTree = "<group>"; };
		6499837C2532288B0064EB9F /* ContentView.swift */ = {isa = PBXFileReference; lastKnownFileType = sourcecode.swift; path = ContentView.swift; sourceTree = "<group>"; };
		6499837E2532288D0064EB9F /* Assets.xcassets */ = {isa = PBXFileReference; lastKnownFileType = folder.assetcatalog; path = Assets.xcassets; sourceTree = "<group>"; };
		649983812532288D0064EB9F /* Preview Assets.xcassets */ = {isa = PBXFileReference; lastKnownFileType = folder.assetcatalog; path = "Preview Assets.xcassets"; sourceTree = "<group>"; };
		649983832532288D0064EB9F /* Info.plist */ = {isa = PBXFileReference; lastKnownFileType = text.plist.xml; path = Info.plist; sourceTree = "<group>"; };
		649983882532288D0064EB9F /* GethackTests.xctest */ = {isa = PBXFileReference; explicitFileType = wrapper.cfbundle; includeInIndex = 0; path = GethackTests.xctest; sourceTree = BUILT_PRODUCTS_DIR; };
		6499838C2532288D0064EB9F /* GethackTests.swift */ = {isa = PBXFileReference; lastKnownFileType = sourcecode.swift; path = GethackTests.swift; sourceTree = "<group>"; };
		6499838E2532288D0064EB9F /* Info.plist */ = {isa = PBXFileReference; lastKnownFileType = text.plist.xml; path = Info.plist; sourceTree = "<group>"; };
		649983932532288D0064EB9F /* GethackUITests.xctest */ = {isa = PBXFileReference; explicitFileType = wrapper.cfbundle; includeInIndex = 0; path = GethackUITests.xctest; sourceTree = BUILT_PRODUCTS_DIR; };
		649983972532288D0064EB9F /* GethackUITests.swift */ = {isa = PBXFileReference; lastKnownFileType = sourcecode.swift; path = GethackUITests.swift; sourceTree = "<group>"; };
		649983992532288D0064EB9F /* Info.plist */ = {isa = PBXFileReference; lastKnownFileType = text.plist.xml; path = Info.plist; sourceTree = "<group>"; };
		649983B8253233160064EB9F /* SearchProduct.swift */ = {isa = PBXFileReference; lastKnownFileType = sourcecode.swift; path = SearchProduct.swift; sourceTree = "<group>"; };
		649983C3253233390064EB9F /* BuyProduct.swift */ = {isa = PBXFileReference; lastKnownFileType = sourcecode.swift; path = BuyProduct.swift; sourceTree = "<group>"; };
		649983C9253234660064EB9F /* MakePayment.swift */ = {isa = PBXFileReference; lastKnownFileType = sourcecode.swift; path = MakePayment.swift; sourceTree = "<group>"; };
		649983CE2532349A0064EB9F /* ViewProduct.swift */ = {isa = PBXFileReference; lastKnownFileType = sourcecode.swift; path = ViewProduct.swift; sourceTree = "<group>"; };
		649983D3253234CD0064EB9F /* AnnounceProduct.swift */ = {isa = PBXFileReference; lastKnownFileType = sourcecode.swift; path = AnnounceProduct.swift; sourceTree = "<group>"; };
		649983E9253237210064EB9F /* CreateAccount.swift */ = {isa = PBXFileReference; lastKnownFileType = sourcecode.swift; path = CreateAccount.swift; sourceTree = "<group>"; };
		649983F12532372C0064EB9F /* DeleteAccount.swift */ = {isa = PBXFileReference; lastKnownFileType = sourcecode.swift; path = DeleteAccount.swift; sourceTree = "<group>"; };
		649983F62532373D0064EB9F /* UpdateAccount.swift */ = {isa = PBXFileReference; lastKnownFileType = sourcecode.swift; path = UpdateAccount.swift; sourceTree = "<group>"; };
		649983FB253239F60064EB9F /* UpdateProfile.swift */ = {isa = PBXFileReference; lastKnownFileType = sourcecode.swift; path = UpdateProfile.swift; sourceTree = "<group>"; };
		6499840025323C450064EB9F /* AnnounceServiceNeed.swift */ = {isa = PBXFileReference; lastKnownFileType = sourcecode.swift; path = AnnounceServiceNeed.swift; sourceTree = "<group>"; };
		6499840725323D7B0064EB9F /* AnnounceProductNeed.swift */ = {isa = PBXFileReference; lastKnownFileType = sourcecode.swift; path = AnnounceProductNeed.swift; sourceTree = "<group>"; };
/* End PBXFileReference section */

/* Begin PBXFrameworksBuildPhase section */
		649983742532288B0064EB9F /* Frameworks */ = {
			isa = PBXFrameworksBuildPhase;
			buildActionMask = 2147483647;
			files = (
			);
			runOnlyForDeploymentPostprocessing = 0;
		};
		649983852532288D0064EB9F /* Frameworks */ = {
			isa = PBXFrameworksBuildPhase;
			buildActionMask = 2147483647;
			files = (
			);
			runOnlyForDeploymentPostprocessing = 0;
		};
		649983902532288D0064EB9F /* Frameworks */ = {
			isa = PBXFrameworksBuildPhase;
			buildActionMask = 2147483647;
			files = (
			);
			runOnlyForDeploymentPostprocessing = 0;
		};
/* End PBXFrameworksBuildPhase section */

/* Begin PBXGroup section */
		6499836E2532288B0064EB9F = {
			isa = PBXGroup;
			children = (
				649983792532288B0064EB9F /* Gethack */,
				6499838B2532288D0064EB9F /* GethackTests */,
				649983962532288D0064EB9F /* GethackUITests */,
				649983782532288B0064EB9F /* Products */,
			);
			sourceTree = "<group>";
		};
		649983782532288B0064EB9F /* Products */ = {
			isa = PBXGroup;
			children = (
				649983772532288B0064EB9F /* Gethack.app */,
				649983882532288D0064EB9F /* GethackTests.xctest */,
				649983932532288D0064EB9F /* GethackUITests.xctest */,
			);
			name = Products;
			sourceTree = "<group>";
		};
		649983792532288B0064EB9F /* Gethack */ = {
			isa = PBXGroup;
			children = (
				649983B4253231820064EB9F /* Domain */,
				649983AF2532298C0064EB9F /* View */,
				649983A8253228EF0064EB9F /* Supporting */,
				649983802532288D0064EB9F /* Preview Content */,
			);
			path = Gethack;
			sourceTree = "<group>";
		};
		649983802532288D0064EB9F /* Preview Content */ = {
			isa = PBXGroup;
			children = (
				649983812532288D0064EB9F /* Preview Assets.xcassets */,
			);
			path = "Preview Content";
			sourceTree = "<group>";
		};
		6499838B2532288D0064EB9F /* GethackTests */ = {
			isa = PBXGroup;
			children = (
				6499838C2532288D0064EB9F /* GethackTests.swift */,
				6499838E2532288D0064EB9F /* Info.plist */,
			);
			path = GethackTests;
			sourceTree = "<group>";
		};
		649983962532288D0064EB9F /* GethackUITests */ = {
			isa = PBXGroup;
			children = (
				649983972532288D0064EB9F /* GethackUITests.swift */,
				649983992532288D0064EB9F /* Info.plist */,
			);
			path = GethackUITests;
			sourceTree = "<group>";
		};
		649983A8253228EF0064EB9F /* Supporting */ = {
			isa = PBXGroup;
			children = (
				649983832532288D0064EB9F /* Info.plist */,
				6499837A2532288B0064EB9F /* GethackApp.swift */,
			);
			path = Supporting;
			sourceTree = "<group>";
		};
		649983AF2532298C0064EB9F /* View */ = {
			isa = PBXGroup;
			children = (
				649983B02532299E0064EB9F /* Assets */,
				6499837C2532288B0064EB9F /* ContentView.swift */,
			);
			path = View;
			sourceTree = "<group>";
		};
		649983B02532299E0064EB9F /* Assets */ = {
			isa = PBXGroup;
			children = (
				6499837E2532288D0064EB9F /* Assets.xcassets */,
			);
			path = Assets;
			sourceTree = "<group>";
		};
		649983B4253231820064EB9F /* Domain */ = {
			isa = PBXGroup;
			children = (
				649983B52532318D0064EB9F /* UseCases */,
			);
			path = Domain;
			sourceTree = "<group>";
		};
		649983B52532318D0064EB9F /* UseCases */ = {
			isa = PBXGroup;
			children = (
				649983E8253236820064EB9F /* Account */,
				649983E7253236780064EB9F /* Profile */,
				649983B72532325C0064EB9F /* CollectiveBuying */,
				649983B6253231FE0064EB9F /* ServiceExchange */,
				6499840525323C580064EB9F /* ProductExchange */,
			);
			path = UseCases;
			sourceTree = "<group>";
		};
		649983B6253231FE0064EB9F /* ServiceExchange */ = {
			isa = PBXGroup;
			children = (
				6499840025323C450064EB9F /* AnnounceServiceNeed.swift */,
			);
			path = ServiceExchange;
			sourceTree = "<group>";
		};
		649983B72532325C0064EB9F /* CollectiveBuying */ = {
			isa = PBXGroup;
			children = (
				649983B8253233160064EB9F /* SearchProduct.swift */,
				649983CE2532349A0064EB9F /* ViewProduct.swift */,
				649983C3253233390064EB9F /* BuyProduct.swift */,
				649983C9253234660064EB9F /* MakePayment.swift */,
				649983D3253234CD0064EB9F /* AnnounceProduct.swift */,
			);
			path = CollectiveBuying;
			sourceTree = "<group>";
		};
		649983E7253236780064EB9F /* Profile */ = {
			isa = PBXGroup;
			children = (
				649983FB253239F60064EB9F /* UpdateProfile.swift */,
			);
			path = Profile;
			sourceTree = "<group>";
		};
		649983E8253236820064EB9F /* Account */ = {
			isa = PBXGroup;
			children = (
				649983E9253237210064EB9F /* CreateAccount.swift */,
				649983F12532372C0064EB9F /* DeleteAccount.swift */,
				649983F62532373D0064EB9F /* UpdateAccount.swift */,
			);
			path = Account;
			sourceTree = "<group>";
		};
		6499840525323C580064EB9F /* ProductExchange */ = {
			isa = PBXGroup;
			children = (
				6499840725323D7B0064EB9F /* AnnounceProductNeed.swift */,
			);
			path = ProductExchange;
			sourceTree = "<group>";
		};
/* End PBXGroup section */

/* Begin PBXNativeTarget section */
		649983762532288B0064EB9F /* Gethack */ = {
			isa = PBXNativeTarget;
			buildConfigurationList = 6499839C2532288D0064EB9F /* Build configuration list for PBXNativeTarget "Gethack" */;
			buildPhases = (
				649983732532288B0064EB9F /* Sources */,
				649983742532288B0064EB9F /* Frameworks */,
				649983752532288B0064EB9F /* Resources */,
			);
			buildRules = (
			);
			dependencies = (
			);
			name = Gethack;
			productName = Gethack;
			productReference = 649983772532288B0064EB9F /* Gethack.app */;
			productType = "com.apple.product-type.application";
		};
		649983872532288D0064EB9F /* GethackTests */ = {
			isa = PBXNativeTarget;
			buildConfigurationList = 6499839F2532288D0064EB9F /* Build configuration list for PBXNativeTarget "GethackTests" */;
			buildPhases = (
				649983842532288D0064EB9F /* Sources */,
				649983852532288D0064EB9F /* Frameworks */,
				649983862532288D0064EB9F /* Resources */,
			);
			buildRules = (
			);
			dependencies = (
				6499838A2532288D0064EB9F /* PBXTargetDependency */,
			);
			name = GethackTests;
			productName = GethackTests;
			productReference = 649983882532288D0064EB9F /* GethackTests.xctest */;
			productType = "com.apple.product-type.bundle.unit-test";
		};
		649983922532288D0064EB9F /* GethackUITests */ = {
			isa = PBXNativeTarget;
			buildConfigurationList = 649983A22532288D0064EB9F /* Build configuration list for PBXNativeTarget "GethackUITests" */;
			buildPhases = (
				6499838F2532288D0064EB9F /* Sources */,
				649983902532288D0064EB9F /* Frameworks */,
				649983912532288D0064EB9F /* Resources */,
			);
			buildRules = (
			);
			dependencies = (
				649983952532288D0064EB9F /* PBXTargetDependency */,
			);
			name = GethackUITests;
			productName = GethackUITests;
			productReference = 649983932532288D0064EB9F /* GethackUITests.xctest */;
			productType = "com.apple.product-type.bundle.ui-testing";
		};
/* End PBXNativeTarget section */

/* Begin PBXProject section */
		6499836F2532288B0064EB9F /* Project object */ = {
			isa = PBXProject;
			attributes = {
				LastSwiftUpdateCheck = 1200;
				LastUpgradeCheck = 1200;
				TargetAttributes = {
					649983762532288B0064EB9F = {
						CreatedOnToolsVersion = 12.0;
					};
					649983872532288D0064EB9F = {
						CreatedOnToolsVersion = 12.0;
						TestTargetID = 649983762532288B0064EB9F;
					};
					649983922532288D0064EB9F = {
						CreatedOnToolsVersion = 12.0;
						TestTargetID = 649983762532288B0064EB9F;
					};
				};
			};
			buildConfigurationList = 649983722532288B0064EB9F /* Build configuration list for PBXProject "Gethack" */;
			compatibilityVersion = "Xcode 9.3";
			developmentRegion = en;
			hasScannedForEncodings = 0;
			knownRegions = (
				en,
				Base,
			);
			mainGroup = 6499836E2532288B0064EB9F;
			productRefGroup = 649983782532288B0064EB9F /* Products */;
			projectDirPath = "";
			projectRoot = "";
			targets = (
				649983762532288B0064EB9F /* Gethack */,
				649983872532288D0064EB9F /* GethackTests */,
				649983922532288D0064EB9F /* GethackUITests */,
			);
		};
/* End PBXProject section */

/* Begin PBXResourcesBuildPhase section */
		649983752532288B0064EB9F /* Resources */ = {
			isa = PBXResourcesBuildPhase;
			buildActionMask = 2147483647;
			files = (
				649983822532288D0064EB9F /* Preview Assets.xcassets in Resources */,
				6499837F2532288D0064EB9F /* Assets.xcassets in Resources */,
			);
			runOnlyForDeploymentPostprocessing = 0;
		};
		649983862532288D0064EB9F /* Resources */ = {
			isa = PBXResourcesBuildPhase;
			buildActionMask = 2147483647;
			files = (
			);
			runOnlyForDeploymentPostprocessing = 0;
		};
		649983912532288D0064EB9F /* Resources */ = {
			isa = PBXResourcesBuildPhase;
			buildActionMask = 2147483647;
			files = (
			);
			runOnlyForDeploymentPostprocessing = 0;
		};
/* End PBXResourcesBuildPhase section */

/* Begin PBXSourcesBuildPhase section */
		649983732532288B0064EB9F /* Sources */ = {
			isa = PBXSourcesBuildPhase;
			buildActionMask = 2147483647;
			files = (
				6499840825323D7B0064EB9F /* AnnounceProductNeed.swift in Sources */,
				6499840125323C450064EB9F /* AnnounceServiceNeed.swift in Sources */,
				649983F72532373D0064EB9F /* UpdateAccount.swift in Sources */,
				649983CA253234660064EB9F /* MakePayment.swift in Sources */,
				649983C4253233390064EB9F /* BuyProduct.swift in Sources */,
				649983CF2532349A0064EB9F /* ViewProduct.swift in Sources */,
				649983B9253233160064EB9F /* SearchProduct.swift in Sources */,
				6499837D2532288B0064EB9F /* ContentView.swift in Sources */,
				649983D4253234CD0064EB9F /* AnnounceProduct.swift in Sources */,
				6499837B2532288B0064EB9F /* GethackApp.swift in Sources */,
				649983FC253239F60064EB9F /* UpdateProfile.swift in Sources */,
				649983EA253237210064EB9F /* CreateAccount.swift in Sources */,
				649983F22532372C0064EB9F /* DeleteAccount.swift in Sources */,
			);
			runOnlyForDeploymentPostprocessing = 0;
		};
		649983842532288D0064EB9F /* Sources */ = {
			isa = PBXSourcesBuildPhase;
			buildActionMask = 2147483647;
			files = (
				6499838D2532288D0064EB9F /* GethackTests.swift in Sources */,
			);
			runOnlyForDeploymentPostprocessing = 0;
		};
		6499838F2532288D0064EB9F /* Sources */ = {
			isa = PBXSourcesBuildPhase;
			buildActionMask = 2147483647;
			files = (
				649983982532288D0064EB9F /* GethackUITests.swift in Sources */,
			);
			runOnlyForDeploymentPostprocessing = 0;
		};
/* End PBXSourcesBuildPhase section */

/* Begin PBXTargetDependency section */
		6499838A2532288D0064EB9F /* PBXTargetDependency */ = {
			isa = PBXTargetDependency;
			target = 649983762532288B0064EB9F /* Gethack */;
			targetProxy = 649983892532288D0064EB9F /* PBXContainerItemProxy */;
		};
		649983952532288D0064EB9F /* PBXTargetDependency */ = {
			isa = PBXTargetDependency;
			target = 649983762532288B0064EB9F /* Gethack */;
			targetProxy = 649983942532288D0064EB9F /* PBXContainerItemProxy */;
		};
/* End PBXTargetDependency section */

/* Begin XCBuildConfiguration section */
		6499839A2532288D0064EB9F /* Debug */ = {
			isa = XCBuildConfiguration;
			buildSettings = {
				ALWAYS_SEARCH_USER_PATHS = NO;
				CLANG_ANALYZER_NONNULL = YES;
				CLANG_ANALYZER_NUMBER_OBJECT_CONVERSION = YES_AGGRESSIVE;
				CLANG_CXX_LANGUAGE_STANDARD = "gnu++14";
				CLANG_CXX_LIBRARY = "libc++";
				CLANG_ENABLE_MODULES = YES;
				CLANG_ENABLE_OBJC_ARC = YES;
				CLANG_ENABLE_OBJC_WEAK = YES;
				CLANG_WARN_BLOCK_CAPTURE_AUTORELEASING = YES;
				CLANG_WARN_BOOL_CONVERSION = YES;
				CLANG_WARN_COMMA = YES;
				CLANG_WARN_CONSTANT_CONVERSION = YES;
				CLANG_WARN_DEPRECATED_OBJC_IMPLEMENTATIONS = YES;
				CLANG_WARN_DIRECT_OBJC_ISA_USAGE = YES_ERROR;
				CLANG_WARN_DOCUMENTATION_COMMENTS = YES;
				CLANG_WARN_EMPTY_BODY = YES;
				CLANG_WARN_ENUM_CONVERSION = YES;
				CLANG_WARN_INFINITE_RECURSION = YES;
				CLANG_WARN_INT_CONVERSION = YES;
				CLANG_WARN_NON_LITERAL_NULL_CONVERSION = YES;
				CLANG_WARN_OBJC_IMPLICIT_RETAIN_SELF = YES;
				CLANG_WARN_OBJC_LITERAL_CONVERSION = YES;
				CLANG_WARN_OBJC_ROOT_CLASS = YES_ERROR;
				CLANG_WARN_QUOTED_INCLUDE_IN_FRAMEWORK_HEADER = YES;
				CLANG_WARN_RANGE_LOOP_ANALYSIS = YES;
				CLANG_WARN_STRICT_PROTOTYPES = YES;
				CLANG_WARN_SUSPICIOUS_MOVE = YES;
				CLANG_WARN_UNGUARDED_AVAILABILITY = YES_AGGRESSIVE;
				CLANG_WARN_UNREACHABLE_CODE = YES;
				CLANG_WARN__DUPLICATE_METHOD_MATCH = YES;
				COPY_PHASE_STRIP = NO;
				DEBUG_INFORMATION_FORMAT = dwarf;
				ENABLE_STRICT_OBJC_MSGSEND = YES;
				ENABLE_TESTABILITY = YES;
				GCC_C_LANGUAGE_STANDARD = gnu11;
				GCC_DYNAMIC_NO_PIC = NO;
				GCC_NO_COMMON_BLOCKS = YES;
				GCC_OPTIMIZATION_LEVEL = 0;
				GCC_PREPROCESSOR_DEFINITIONS = (
					"DEBUG=1",
					"$(inherited)",
				);
				GCC_WARN_64_TO_32_BIT_CONVERSION = YES;
				GCC_WARN_ABOUT_RETURN_TYPE = YES_ERROR;
				GCC_WARN_UNDECLARED_SELECTOR = YES;
				GCC_WARN_UNINITIALIZED_AUTOS = YES_AGGRESSIVE;
				GCC_WARN_UNUSED_FUNCTION = YES;
				GCC_WARN_UNUSED_VARIABLE = YES;
				IPHONEOS_DEPLOYMENT_TARGET = 14.0;
				MTL_ENABLE_DEBUG_INFO = INCLUDE_SOURCE;
				MTL_FAST_MATH = YES;
				ONLY_ACTIVE_ARCH = YES;
				SDKROOT = iphoneos;
				SWIFT_ACTIVE_COMPILATION_CONDITIONS = DEBUG;
				SWIFT_OPTIMIZATION_LEVEL = "-Onone";
			};
			name = Debug;
		};
		6499839B2532288D0064EB9F /* Release */ = {
			isa = XCBuildConfiguration;
			buildSettings = {
				ALWAYS_SEARCH_USER_PATHS = NO;
				CLANG_ANALYZER_NONNULL = YES;
				CLANG_ANALYZER_NUMBER_OBJECT_CONVERSION = YES_AGGRESSIVE;
				CLANG_CXX_LANGUAGE_STANDARD = "gnu++14";
				CLANG_CXX_LIBRARY = "libc++";
				CLANG_ENABLE_MODULES = YES;
				CLANG_ENABLE_OBJC_ARC = YES;
				CLANG_ENABLE_OBJC_WEAK = YES;
				CLANG_WARN_BLOCK_CAPTURE_AUTORELEASING = YES;
				CLANG_WARN_BOOL_CONVERSION = YES;
				CLANG_WARN_COMMA = YES;
				CLANG_WARN_CONSTANT_CONVERSION = YES;
				CLANG_WARN_DEPRECATED_OBJC_IMPLEMENTATIONS = YES;
				CLANG_WARN_DIRECT_OBJC_ISA_USAGE = YES_ERROR;
				CLANG_WARN_DOCUMENTATION_COMMENTS = YES;
				CLANG_WARN_EMPTY_BODY = YES;
				CLANG_WARN_ENUM_CONVERSION = YES;
				CLANG_WARN_INFINITE_RECURSION = YES;
				CLANG_WARN_INT_CONVERSION = YES;
				CLANG_WARN_NON_LITERAL_NULL_CONVERSION = YES;
				CLANG_WARN_OBJC_IMPLICIT_RETAIN_SELF = YES;
				CLANG_WARN_OBJC_LITERAL_CONVERSION = YES;
				CLANG_WARN_OBJC_ROOT_CLASS = YES_ERROR;
				CLANG_WARN_QUOTED_INCLUDE_IN_FRAMEWORK_HEADER = YES;
				CLANG_WARN_RANGE_LOOP_ANALYSIS = YES;
				CLANG_WARN_STRICT_PROTOTYPES = YES;
				CLANG_WARN_SUSPICIOUS_MOVE = YES;
				CLANG_WARN_UNGUARDED_AVAILABILITY = YES_AGGRESSIVE;
				CLANG_WARN_UNREACHABLE_CODE = YES;
				CLANG_WARN__DUPLICATE_METHOD_MATCH = YES;
				COPY_PHASE_STRIP = NO;
				DEBUG_INFORMATION_FORMAT = "dwarf-with-dsym";
				ENABLE_NS_ASSERTIONS = NO;
				ENABLE_STRICT_OBJC_MSGSEND = YES;
				GCC_C_LANGUAGE_STANDARD = gnu11;
				GCC_NO_COMMON_BLOCKS = YES;
				GCC_WARN_64_TO_32_BIT_CONVERSION = YES;
				GCC_WARN_ABOUT_RETURN_TYPE = YES_ERROR;
				GCC_WARN_UNDECLARED_SELECTOR = YES;
				GCC_WARN_UNINITIALIZED_AUTOS = YES_AGGRESSIVE;
				GCC_WARN_UNUSED_FUNCTION = YES;
				GCC_WARN_UNUSED_VARIABLE = YES;
				IPHONEOS_DEPLOYMENT_TARGET = 14.0;
				MTL_ENABLE_DEBUG_INFO = NO;
				MTL_FAST_MATH = YES;
				SDKROOT = iphoneos;
				SWIFT_COMPILATION_MODE = wholemodule;
				SWIFT_OPTIMIZATION_LEVEL = "-O";
				VALIDATE_PRODUCT = YES;
			};
			name = Release;
		};
		6499839D2532288D0064EB9F /* Debug */ = {
			isa = XCBuildConfiguration;
			buildSettings = {
				ASSETCATALOG_COMPILER_APPICON_NAME = AppIcon;
				ASSETCATALOG_COMPILER_GLOBAL_ACCENT_COLOR_NAME = AccentColor;
				CODE_SIGN_STYLE = Automatic;
				DEVELOPMENT_ASSET_PATHS = "\"Gethack/Preview Content\"";
				DEVELOPMENT_TEAM = UDGF2JUP82;
				ENABLE_PREVIEWS = YES;
				INFOPLIST_FILE = Gethack/Supporting/Info.plist;
				IPHONEOS_DEPLOYMENT_TARGET = 14.0;
				LD_RUNPATH_SEARCH_PATHS = (
					"$(inherited)",
					"@executable_path/Frameworks",
				);
				PRODUCT_BUNDLE_IDENTIFIER = br.com.pulmo.Gethack;
				PRODUCT_NAME = "$(TARGET_NAME)";
				SWIFT_VERSION = 5.0;
				TARGETED_DEVICE_FAMILY = "1,2";
			};
			name = Debug;
		};
		6499839E2532288D0064EB9F /* Release */ = {
			isa = XCBuildConfiguration;
			buildSettings = {
				ASSETCATALOG_COMPILER_APPICON_NAME = AppIcon;
				ASSETCATALOG_COMPILER_GLOBAL_ACCENT_COLOR_NAME = AccentColor;
				CODE_SIGN_STYLE = Automatic;
				DEVELOPMENT_ASSET_PATHS = "\"Gethack/Preview Content\"";
				DEVELOPMENT_TEAM = UDGF2JUP82;
				ENABLE_PREVIEWS = YES;
				INFOPLIST_FILE = Gethack/Supporting/Info.plist;
				IPHONEOS_DEPLOYMENT_TARGET = 14.0;
				LD_RUNPATH_SEARCH_PATHS = (
					"$(inherited)",
					"@executable_path/Frameworks",
				);
				PRODUCT_BUNDLE_IDENTIFIER = br.com.pulmo.Gethack;
				PRODUCT_NAME = "$(TARGET_NAME)";
				SWIFT_VERSION = 5.0;
				TARGETED_DEVICE_FAMILY = "1,2";
			};
			name = Release;
		};
		649983A02532288D0064EB9F /* Debug */ = {
			isa = XCBuildConfiguration;
			buildSettings = {
				ALWAYS_EMBED_SWIFT_STANDARD_LIBRARIES = YES;
				BUNDLE_LOADER = "$(TEST_HOST)";
				CODE_SIGN_STYLE = Automatic;
				DEVELOPMENT_TEAM = UDGF2JUP82;
				INFOPLIST_FILE = GethackTests/Info.plist;
				IPHONEOS_DEPLOYMENT_TARGET = 14.0;
				LD_RUNPATH_SEARCH_PATHS = (
					"$(inherited)",
					"@executable_path/Frameworks",
					"@loader_path/Frameworks",
				);
				PRODUCT_BUNDLE_IDENTIFIER = br.com.pulmo.GethackTests;
				PRODUCT_NAME = "$(TARGET_NAME)";
				SWIFT_VERSION = 5.0;
				TARGETED_DEVICE_FAMILY = "1,2";
				TEST_HOST = "$(BUILT_PRODUCTS_DIR)/Gethack.app/Gethack";
			};
			name = Debug;
		};
		649983A12532288D0064EB9F /* Release */ = {
			isa = XCBuildConfiguration;
			buildSettings = {
				ALWAYS_EMBED_SWIFT_STANDARD_LIBRARIES = YES;
				BUNDLE_LOADER = "$(TEST_HOST)";
				CODE_SIGN_STYLE = Automatic;
				DEVELOPMENT_TEAM = UDGF2JUP82;
				INFOPLIST_FILE = GethackTests/Info.plist;
				IPHONEOS_DEPLOYMENT_TARGET = 14.0;
				LD_RUNPATH_SEARCH_PATHS = (
					"$(inherited)",
					"@executable_path/Frameworks",
					"@loader_path/Frameworks",
				);
				PRODUCT_BUNDLE_IDENTIFIER = br.com.pulmo.GethackTests;
				PRODUCT_NAME = "$(TARGET_NAME)";
				SWIFT_VERSION = 5.0;
				TARGETED_DEVICE_FAMILY = "1,2";
				TEST_HOST = "$(BUILT_PRODUCTS_DIR)/Gethack.app/Gethack";
			};
			name = Release;
		};
		649983A32532288D0064EB9F /* Debug */ = {
			isa = XCBuildConfiguration;
			buildSettings = {
				ALWAYS_EMBED_SWIFT_STANDARD_LIBRARIES = YES;
				CODE_SIGN_STYLE = Automatic;
				DEVELOPMENT_TEAM = UDGF2JUP82;
				INFOPLIST_FILE = GethackUITests/Info.plist;
				LD_RUNPATH_SEARCH_PATHS = (
					"$(inherited)",
					"@executable_path/Frameworks",
					"@loader_path/Frameworks",
				);
				PRODUCT_BUNDLE_IDENTIFIER = br.com.pulmo.GethackUITests;
				PRODUCT_NAME = "$(TARGET_NAME)";
				SWIFT_VERSION = 5.0;
				TARGETED_DEVICE_FAMILY = "1,2";
				TEST_TARGET_NAME = Gethack;
			};
			name = Debug;
		};
		649983A42532288D0064EB9F /* Release */ = {
			isa = XCBuildConfiguration;
			buildSettings = {
				ALWAYS_EMBED_SWIFT_STANDARD_LIBRARIES = YES;
				CODE_SIGN_STYLE = Automatic;
				DEVELOPMENT_TEAM = UDGF2JUP82;
				INFOPLIST_FILE = GethackUITests/Info.plist;
				LD_RUNPATH_SEARCH_PATHS = (
					"$(inherited)",
					"@executable_path/Frameworks",
					"@loader_path/Frameworks",
				);
				PRODUCT_BUNDLE_IDENTIFIER = br.com.pulmo.GethackUITests;
				PRODUCT_NAME = "$(TARGET_NAME)";
				SWIFT_VERSION = 5.0;
				TARGETED_DEVICE_FAMILY = "1,2";
				TEST_TARGET_NAME = Gethack;
			};
			name = Release;
		};
/* End XCBuildConfiguration section */

/* Begin XCConfigurationList section */
		649983722532288B0064EB9F /* Build configuration list for PBXProject "Gethack" */ = {
			isa = XCConfigurationList;
			buildConfigurations = (
				6499839A2532288D0064EB9F /* Debug */,
				6499839B2532288D0064EB9F /* Release */,
			);
			defaultConfigurationIsVisible = 0;
			defaultConfigurationName = Release;
		};
		6499839C2532288D0064EB9F /* Build configuration list for PBXNativeTarget "Gethack" */ = {
			isa = XCConfigurationList;
			buildConfigurations = (
				6499839D2532288D0064EB9F /* Debug */,
				6499839E2532288D0064EB9F /* Release */,
			);
			defaultConfigurationIsVisible = 0;
			defaultConfigurationName = Release;
		};
		6499839F2532288D0064EB9F /* Build configuration list for PBXNativeTarget "GethackTests" */ = {
			isa = XCConfigurationList;
			buildConfigurations = (
				649983A02532288D0064EB9F /* Debug */,
				649983A12532288D0064EB9F /* Release */,
			);
			defaultConfigurationIsVisible = 0;
			defaultConfigurationName = Release;
		};
		649983A22532288D0064EB9F /* Build configuration list for PBXNativeTarget "GethackUITests" */ = {
			isa = XCConfigurationList;
			buildConfigurations = (
				649983A32532288D0064EB9F /* Debug */,
				649983A42532288D0064EB9F /* Release */,
			);
			defaultConfigurationIsVisible = 0;
			defaultConfigurationName = Release;
		};
/* End XCConfigurationList section */
	};
	rootObject = 6499836F2532288B0064EB9F /* Project object */;
}
