// !$*UTF8*$!
{
	archiveVersion = 1;
	classes = {
	};
	objectVersion = 50;
	objects = {

/* Begin PBXBuildFile section */
		6499837B2532288B0064EB9F /* GethackApp.swift in Sources */ = {isa = PBXBuildFile; fileRef = 6499837A2532288B0064EB9F /* GethackApp.swift */; };
		6499837D2532288B0064EB9F /* CollectiveBuyingView.swift in Sources */ = {isa = PBXBuildFile; fileRef = 6499837C2532288B0064EB9F /* CollectiveBuyingView.swift */; };
		6499837F2532288D0064EB9F /* Assets.xcassets in Resources */ = {isa = PBXBuildFile; fileRef = 6499837E2532288D0064EB9F /* Assets.xcassets */; };
		649983822532288D0064EB9F /* Preview Assets.xcassets in Resources */ = {isa = PBXBuildFile; fileRef = 649983812532288D0064EB9F /* Preview Assets.xcassets */; };
		6499838D2532288D0064EB9F /* GethackTests.swift in Sources */ = {isa = PBXBuildFile; fileRef = 6499838C2532288D0064EB9F /* GethackTests.swift */; };
		649983982532288D0064EB9F /* GethackUITests.swift in Sources */ = {isa = PBXBuildFile; fileRef = 649983972532288D0064EB9F /* GethackUITests.swift */; };
		BC18F1442532912F00348A10 /* BuyerInfoView.swift in Sources */ = {isa = PBXBuildFile; fileRef = BC18F1432532912F00348A10 /* BuyerInfoView.swift */; };
		BC18F14C253291C700348A10 /* ButtonsView.swift in Sources */ = {isa = PBXBuildFile; fileRef = BC18F14B253291C700348A10 /* ButtonsView.swift */; };
		BC18F1552532954400348A10 /* ConfirmOrderView.swift in Sources */ = {isa = PBXBuildFile; fileRef = BC18F1542532954400348A10 /* ConfirmOrderView.swift */; };
		BC18F15B253296FF00348A10 /* OrderConfirmedView.swift in Sources */ = {isa = PBXBuildFile; fileRef = BC18F15A253296FF00348A10 /* OrderConfirmedView.swift */; };
		BC18F16525329A2100348A10 /* ProfilePageView.swift in Sources */ = {isa = PBXBuildFile; fileRef = BC18F16425329A2100348A10 /* ProfilePageView.swift */; };
		BC18F16D25329F3D00348A10 /* ClientInfoView.swift in Sources */ = {isa = PBXBuildFile; fileRef = BC18F16C25329F3D00348A10 /* ClientInfoView.swift */; };
		BC18F1722532A18500348A10 /* ProfileList.swift in Sources */ = {isa = PBXBuildFile; fileRef = BC18F1712532A18500348A10 /* ProfileList.swift */; };
		BC18F1772532ACED00348A10 /* PaymentMethodView.swift in Sources */ = {isa = PBXBuildFile; fileRef = BC18F1762532ACED00348A10 /* PaymentMethodView.swift */; };
		BC18F17C2532B1D100348A10 /* CardInfoView.swift in Sources */ = {isa = PBXBuildFile; fileRef = BC18F17B2532B1D100348A10 /* CardInfoView.swift */; };
		BC18F18125332E9600348A10 /* OrderInfoView.swift in Sources */ = {isa = PBXBuildFile; fileRef = BC18F18025332E9600348A10 /* OrderInfoView.swift */; };
		BC93C9BD2532560A009D2E74 /* OffersTypeView.swift in Sources */ = {isa = PBXBuildFile; fileRef = BC93C9BC2532560A009D2E74 /* OffersTypeView.swift */; };
		BC93C9E12532622E009D2E74 /* OfferCollectionView.swift in Sources */ = {isa = PBXBuildFile; fileRef = BC93C9E02532622E009D2E74 /* OfferCollectionView.swift */; };
		BC93C9EC25326531009D2E74 /* OffersCollectionView.swift in Sources */ = {isa = PBXBuildFile; fileRef = BC93C9EB25326531009D2E74 /* OffersCollectionView.swift */; };
		BC93C9F82532832E009D2E74 /* ProductView.swift in Sources */ = {isa = PBXBuildFile; fileRef = BC93C9F72532832E009D2E74 /* ProductView.swift */; };
/* End PBXBuildFile section */

/* Begin PBXContainerItemProxy section */
		649983892532288D0064EB9F /* PBXContainerItemProxy */ = {
			isa = PBXContainerItemProxy;
			containerPortal = 6499836F2532288B0064EB9F /* Project object */;
			proxyType = 1;
			remoteGlobalIDString = 649983762532288B0064EB9F;
			remoteInfo = Gethack;
		};
		649983942532288D0064EB9F /* PBXContainerItemProxy */ = {
			isa = PBXContainerItemProxy;
			containerPortal = 6499836F2532288B0064EB9F /* Project object */;
			proxyType = 1;
			remoteGlobalIDString = 649983762532288B0064EB9F;
			remoteInfo = Gethack;
		};
/* End PBXContainerItemProxy section */

/* Begin PBXFileReference section */
		649983772532288B0064EB9F /* Gethack.app */ = {isa = PBXFileReference; explicitFileType = wrapper.application; includeInIndex = 0; path = Gethack.app; sourceTree = BUILT_PRODUCTS_DIR; };
		6499837A2532288B0064EB9F /* GethackApp.swift */ = {isa = PBXFileReference; lastKnownFileType = sourcecode.swift; path = GethackApp.swift; sourceTree = "<group>"; };
		6499837C2532288B0064EB9F /* CollectiveBuyingView.swift */ = {isa = PBXFileReference; lastKnownFileType = sourcecode.swift; path = CollectiveBuyingView.swift; sourceTree = "<group>"; };
		6499837E2532288D0064EB9F /* Assets.xcassets */ = {isa = PBXFileReference; lastKnownFileType = folder.assetcatalog; path = Assets.xcassets; sourceTree = "<group>"; };
		649983812532288D0064EB9F /* Preview Assets.xcassets */ = {isa = PBXFileReference; lastKnownFileType = folder.assetcatalog; path = "Preview Assets.xcassets"; sourceTree = "<group>"; };
		649983832532288D0064EB9F /* Info.plist */ = {isa = PBXFileReference; lastKnownFileType = text.plist.xml; path = Info.plist; sourceTree = "<group>"; };
		649983882532288D0064EB9F /* GethackTests.xctest */ = {isa = PBXFileReference; explicitFileType = wrapper.cfbundle; includeInIndex = 0; path = GethackTests.xctest; sourceTree = BUILT_PRODUCTS_DIR; };
		6499838C2532288D0064EB9F /* GethackTests.swift */ = {isa = PBXFileReference; lastKnownFileType = sourcecode.swift; path = GethackTests.swift; sourceTree = "<group>"; };
		6499838E2532288D0064EB9F /* Info.plist */ = {isa = PBXFileReference; lastKnownFileType = text.plist.xml; path = Info.plist; sourceTree = "<group>"; };
		649983932532288D0064EB9F /* GethackUITests.xctest */ = {isa = PBXFileReference; explicitFileType = wrapper.cfbundle; includeInIndex = 0; path = GethackUITests.xctest; sourceTree = BUILT_PRODUCTS_DIR; };
		649983972532288D0064EB9F /* GethackUITests.swift */ = {isa = PBXFileReference; lastKnownFileType = sourcecode.swift; path = GethackUITests.swift; sourceTree = "<group>"; };
		649983992532288D0064EB9F /* Info.plist */ = {isa = PBXFileReference; lastKnownFileType = text.plist.xml; path = Info.plist; sourceTree = "<group>"; };
		BC18F1432532912F00348A10 /* BuyerInfoView.swift */ = {isa = PBXFileReference; lastKnownFileType = sourcecode.swift; path = BuyerInfoView.swift; sourceTree = "<group>"; };
		BC18F14B253291C700348A10 /* ButtonsView.swift */ = {isa = PBXFileReference; lastKnownFileType = sourcecode.swift; path = ButtonsView.swift; sourceTree = "<group>"; };
		BC18F1542532954400348A10 /* ConfirmOrderView.swift */ = {isa = PBXFileReference; lastKnownFileType = sourcecode.swift; path = ConfirmOrderView.swift; sourceTree = "<group>"; };
		BC18F15A253296FF00348A10 /* OrderConfirmedView.swift */ = {isa = PBXFileReference; lastKnownFileType = sourcecode.swift; path = OrderConfirmedView.swift; sourceTree = "<group>"; };
		BC18F16425329A2100348A10 /* ProfilePageView.swift */ = {isa = PBXFileReference; lastKnownFileType = sourcecode.swift; path = ProfilePageView.swift; sourceTree = "<group>"; };
		BC18F16C25329F3D00348A10 /* ClientInfoView.swift */ = {isa = PBXFileReference; lastKnownFileType = sourcecode.swift; path = ClientInfoView.swift; sourceTree = "<group>"; };
		BC18F1712532A18500348A10 /* ProfileList.swift */ = {isa = PBXFileReference; lastKnownFileType = sourcecode.swift; path = ProfileList.swift; sourceTree = "<group>"; };
		BC18F1762532ACED00348A10 /* PaymentMethodView.swift */ = {isa = PBXFileReference; lastKnownFileType = sourcecode.swift; path = PaymentMethodView.swift; sourceTree = "<group>"; };
		BC18F17B2532B1D100348A10 /* CardInfoView.swift */ = {isa = PBXFileReference; lastKnownFileType = sourcecode.swift; path = CardInfoView.swift; sourceTree = "<group>"; };
		BC18F18025332E9600348A10 /* OrderInfoView.swift */ = {isa = PBXFileReference; lastKnownFileType = sourcecode.swift; path = OrderInfoView.swift; sourceTree = "<group>"; };
		BC93C9BC2532560A009D2E74 /* OffersTypeView.swift */ = {isa = PBXFileReference; lastKnownFileType = sourcecode.swift; path = OffersTypeView.swift; sourceTree = "<group>"; };
		BC93C9E02532622E009D2E74 /* OfferCollectionView.swift */ = {isa = PBXFileReference; lastKnownFileType = sourcecode.swift; path = OfferCollectionView.swift; sourceTree = "<group>"; };
		BC93C9EB25326531009D2E74 /* OffersCollectionView.swift */ = {isa = PBXFileReference; lastKnownFileType = sourcecode.swift; path = OffersCollectionView.swift; sourceTree = "<group>"; };
		BC93C9F72532832E009D2E74 /* ProductView.swift */ = {isa = PBXFileReference; lastKnownFileType = sourcecode.swift; path = ProductView.swift; sourceTree = "<group>"; };
/* End PBXFileReference section */

/* Begin PBXFrameworksBuildPhase section */
		649983742532288B0064EB9F /* Frameworks */ = {
			isa = PBXFrameworksBuildPhase;
			buildActionMask = 2147483647;
			files = (
			);
			runOnlyForDeploymentPostprocessing = 0;
		};
		649983852532288D0064EB9F /* Frameworks */ = {
			isa = PBXFrameworksBuildPhase;
			buildActionMask = 2147483647;
			files = (
			);
			runOnlyForDeploymentPostprocessing = 0;
		};
		649983902532288D0064EB9F /* Frameworks */ = {
			isa = PBXFrameworksBuildPhase;
			buildActionMask = 2147483647;
			files = (
			);
			runOnlyForDeploymentPostprocessing = 0;
		};
/* End PBXFrameworksBuildPhase section */

/* Begin PBXGroup section */
		6499836E2532288B0064EB9F = {
			isa = PBXGroup;
			children = (
				649983792532288B0064EB9F /* Gethack */,
				6499838B2532288D0064EB9F /* GethackTests */,
				649983962532288D0064EB9F /* GethackUITests */,
				649983782532288B0064EB9F /* Products */,
			);
			sourceTree = "<group>";
		};
		649983782532288B0064EB9F /* Products */ = {
			isa = PBXGroup;
			children = (
				649983772532288B0064EB9F /* Gethack.app */,
				649983882532288D0064EB9F /* GethackTests.xctest */,
				649983932532288D0064EB9F /* GethackUITests.xctest */,
			);
			name = Products;
			sourceTree = "<group>";
		};
		649983792532288B0064EB9F /* Gethack */ = {
			isa = PBXGroup;
			children = (
				649983AF2532298C0064EB9F /* View */,
				649983A8253228EF0064EB9F /* Supporting */,
				649983802532288D0064EB9F /* Preview Content */,
			);
			path = Gethack;
			sourceTree = "<group>";
		};
		649983802532288D0064EB9F /* Preview Content */ = {
			isa = PBXGroup;
			children = (
				649983812532288D0064EB9F /* Preview Assets.xcassets */,
			);
			path = "Preview Content";
			sourceTree = "<group>";
		};
		6499838B2532288D0064EB9F /* GethackTests */ = {
			isa = PBXGroup;
			children = (
				6499838C2532288D0064EB9F /* GethackTests.swift */,
				6499838E2532288D0064EB9F /* Info.plist */,
			);
			path = GethackTests;
			sourceTree = "<group>";
		};
		649983962532288D0064EB9F /* GethackUITests */ = {
			isa = PBXGroup;
			children = (
				649983972532288D0064EB9F /* GethackUITests.swift */,
				649983992532288D0064EB9F /* Info.plist */,
			);
			path = GethackUITests;
			sourceTree = "<group>";
		};
		649983A8253228EF0064EB9F /* Supporting */ = {
			isa = PBXGroup;
			children = (
				649983832532288D0064EB9F /* Info.plist */,
				6499837A2532288B0064EB9F /* GethackApp.swift */,
			);
			path = Supporting;
			sourceTree = "<group>";
		};
		649983AF2532298C0064EB9F /* View */ = {
			isa = PBXGroup;
			children = (
				649983B02532299E0064EB9F /* Assets */,
				BC93C9F325327D4D009D2E74 /* CollectiveBuying */,
				BC18F1422532910000348A10 /* Product */,
				BC18F1532532951E00348A10 /* ConfirmOrder */,
				BC18F159253296A400348A10 /* OrderConfirmed */,
				BC18F162253299E000348A10 /* Profile */,
			);
			path = View;
			sourceTree = "<group>";
		};
		649983B02532299E0064EB9F /* Assets */ = {
			isa = PBXGroup;
			children = (
				6499837E2532288D0064EB9F /* Assets.xcassets */,
			);
			path = Assets;
			sourceTree = "<group>";
		};
		BC18F1422532910000348A10 /* Product */ = {
			isa = PBXGroup;
			children = (
				BC93C9F72532832E009D2E74 /* ProductView.swift */,
				BC18F1432532912F00348A10 /* BuyerInfoView.swift */,
				BC18F14B253291C700348A10 /* ButtonsView.swift */,
			);
			path = Product;
			sourceTree = "<group>";
		};
		BC18F1532532951E00348A10 /* ConfirmOrder */ = {
			isa = PBXGroup;
			children = (
				BC18F1542532954400348A10 /* ConfirmOrderView.swift */,
				BC18F1762532ACED00348A10 /* PaymentMethodView.swift */,
				BC18F17B2532B1D100348A10 /* CardInfoView.swift */,
			);
			path = ConfirmOrder;
			sourceTree = "<group>";
		};
		BC18F159253296A400348A10 /* OrderConfirmed */ = {
			isa = PBXGroup;
			children = (
				BC18F15A253296FF00348A10 /* OrderConfirmedView.swift */,
				BC18F18025332E9600348A10 /* OrderInfoView.swift */,
			);
			name = OrderConfirmed;
			path = ..;
			sourceTree = "<group>";
		};
		BC18F162253299E000348A10 /* Profile */ = {
			isa = PBXGroup;
			children = (
				BC18F16425329A2100348A10 /* ProfilePageView.swift */,
				BC18F16C25329F3D00348A10 /* ClientInfoView.swift */,
				BC18F1712532A18500348A10 /* ProfileList.swift */,
			);
			path = Profile;
			sourceTree = "<group>";
		};
		BC93C9F325327D4D009D2E74 /* CollectiveBuying */ = {
			isa = PBXGroup;
			children = (
				6499837C2532288B0064EB9F /* CollectiveBuyingView.swift */,
				BC93C9BC2532560A009D2E74 /* OffersTypeView.swift */,
				BC93C9E02532622E009D2E74 /* OfferCollectionView.swift */,
				BC93C9EB25326531009D2E74 /* OffersCollectionView.swift */,
			);
			path = CollectiveBuying;
			sourceTree = "<group>";
		};
/* End PBXGroup section */

/* Begin PBXNativeTarget section */
		649983762532288B0064EB9F /* Gethack */ = {
			isa = PBXNativeTarget;
			buildConfigurationList = 6499839C2532288D0064EB9F /* Build configuration list for PBXNativeTarget "Gethack" */;
			buildPhases = (
				649983732532288B0064EB9F /* Sources */,
				649983742532288B0064EB9F /* Frameworks */,
				649983752532288B0064EB9F /* Resources */,
			);
			buildRules = (
			);
			dependencies = (
			);
			name = Gethack;
			productName = Gethack;
			productReference = 649983772532288B0064EB9F /* Gethack.app */;
			productType = "com.apple.product-type.application";
		};
		649983872532288D0064EB9F /* GethackTests */ = {
			isa = PBXNativeTarget;
			buildConfigurationList = 6499839F2532288D0064EB9F /* Build configuration list for PBXNativeTarget "GethackTests" */;
			buildPhases = (
				649983842532288D0064EB9F /* Sources */,
				649983852532288D0064EB9F /* Frameworks */,
				649983862532288D0064EB9F /* Resources */,
			);
			buildRules = (
			);
			dependencies = (
				6499838A2532288D0064EB9F /* PBXTargetDependency */,
			);
			name = GethackTests;
			productName = GethackTests;
			productReference = 649983882532288D0064EB9F /* GethackTests.xctest */;
			productType = "com.apple.product-type.bundle.unit-test";
		};
		649983922532288D0064EB9F /* GethackUITests */ = {
			isa = PBXNativeTarget;
			buildConfigurationList = 649983A22532288D0064EB9F /* Build configuration list for PBXNativeTarget "GethackUITests" */;
			buildPhases = (
				6499838F2532288D0064EB9F /* Sources */,
				649983902532288D0064EB9F /* Frameworks */,
				649983912532288D0064EB9F /* Resources */,
			);
			buildRules = (
			);
			dependencies = (
				649983952532288D0064EB9F /* PBXTargetDependency */,
			);
			name = GethackUITests;
			productName = GethackUITests;
			productReference = 649983932532288D0064EB9F /* GethackUITests.xctest */;
			productType = "com.apple.product-type.bundle.ui-testing";
		};
/* End PBXNativeTarget section */

/* Begin PBXProject section */
		6499836F2532288B0064EB9F /* Project object */ = {
			isa = PBXProject;
			attributes = {
				LastSwiftUpdateCheck = 1200;
				LastUpgradeCheck = 1200;
				TargetAttributes = {
					649983762532288B0064EB9F = {
						CreatedOnToolsVersion = 12.0;
					};
					649983872532288D0064EB9F = {
						CreatedOnToolsVersion = 12.0;
						TestTargetID = 649983762532288B0064EB9F;
					};
					649983922532288D0064EB9F = {
						CreatedOnToolsVersion = 12.0;
						TestTargetID = 649983762532288B0064EB9F;
					};
				};
			};
			buildConfigurationList = 649983722532288B0064EB9F /* Build configuration list for PBXProject "Gethack" */;
			compatibilityVersion = "Xcode 9.3";
			developmentRegion = en;
			hasScannedForEncodings = 0;
			knownRegions = (
				en,
				Base,
			);
			mainGroup = 6499836E2532288B0064EB9F;
			productRefGroup = 649983782532288B0064EB9F /* Products */;
			projectDirPath = "";
			projectRoot = "";
			targets = (
				649983762532288B0064EB9F /* Gethack */,
				649983872532288D0064EB9F /* GethackTests */,
				649983922532288D0064EB9F /* GethackUITests */,
			);
		};
/* End PBXProject section */

/* Begin PBXResourcesBuildPhase section */
		649983752532288B0064EB9F /* Resources */ = {
			isa = PBXResourcesBuildPhase;
			buildActionMask = 2147483647;
			files = (
				649983822532288D0064EB9F /* Preview Assets.xcassets in Resources */,
				6499837F2532288D0064EB9F /* Assets.xcassets in Resources */,
			);
			runOnlyForDeploymentPostprocessing = 0;
		};
		649983862532288D0064EB9F /* Resources */ = {
			isa = PBXResourcesBuildPhase;
			buildActionMask = 2147483647;
			files = (
			);
			runOnlyForDeploymentPostprocessing = 0;
		};
		649983912532288D0064EB9F /* Resources */ = {
			isa = PBXResourcesBuildPhase;
			buildActionMask = 2147483647;
			files = (
			);
			runOnlyForDeploymentPostprocessing = 0;
		};
/* End PBXResourcesBuildPhase section */

/* Begin PBXSourcesBuildPhase section */
		649983732532288B0064EB9F /* Sources */ = {
			isa = PBXSourcesBuildPhase;
			buildActionMask = 2147483647;
			files = (
				BC18F1552532954400348A10 /* ConfirmOrderView.swift in Sources */,
				BC18F18125332E9600348A10 /* OrderInfoView.swift in Sources */,
				BC18F1722532A18500348A10 /* ProfileList.swift in Sources */,
				BC18F16D25329F3D00348A10 /* ClientInfoView.swift in Sources */,
				BC93C9BD2532560A009D2E74 /* OffersTypeView.swift in Sources */,
				6499837D2532288B0064EB9F /* CollectiveBuyingView.swift in Sources */,
				BC18F15B253296FF00348A10 /* OrderConfirmedView.swift in Sources */,
				BC93C9EC25326531009D2E74 /* OffersCollectionView.swift in Sources */,
				BC18F16525329A2100348A10 /* ProfilePageView.swift in Sources */,
				BC93C9E12532622E009D2E74 /* OfferCollectionView.swift in Sources */,
				BC93C9F82532832E009D2E74 /* ProductView.swift in Sources */,
				BC18F1442532912F00348A10 /* BuyerInfoView.swift in Sources */,
				BC18F14C253291C700348A10 /* ButtonsView.swift in Sources */,
				BC18F1772532ACED00348A10 /* PaymentMethodView.swift in Sources */,
				6499837B2532288B0064EB9F /* GethackApp.swift in Sources */,
				BC18F17C2532B1D100348A10 /* CardInfoView.swift in Sources */,
			);
			runOnlyForDeploymentPostprocessing = 0;
		};
		649983842532288D0064EB9F /* Sources */ = {
			isa = PBXSourcesBuildPhase;
			buildActionMask = 2147483647;
			files = (
				6499838D2532288D0064EB9F /* GethackTests.swift in Sources */,
			);
			runOnlyForDeploymentPostprocessing = 0;
		};
		6499838F2532288D0064EB9F /* Sources */ = {
			isa = PBXSourcesBuildPhase;
			buildActionMask = 2147483647;
			files = (
				649983982532288D0064EB9F /* GethackUITests.swift in Sources */,
			);
			runOnlyForDeploymentPostprocessing = 0;
		};
/* End PBXSourcesBuildPhase section */

/* Begin PBXTargetDependency section */
		6499838A2532288D0064EB9F /* PBXTargetDependency */ = {
			isa = PBXTargetDependency;
			target = 649983762532288B0064EB9F /* Gethack */;
			targetProxy = 649983892532288D0064EB9F /* PBXContainerItemProxy */;
		};
		649983952532288D0064EB9F /* PBXTargetDependency */ = {
			isa = PBXTargetDependency;
			target = 649983762532288B0064EB9F /* Gethack */;
			targetProxy = 649983942532288D0064EB9F /* PBXContainerItemProxy */;
		};
/* End PBXTargetDependency section */

/* Begin XCBuildConfiguration section */
		6499839A2532288D0064EB9F /* Debug */ = {
			isa = XCBuildConfiguration;
			buildSettings = {
				ALWAYS_SEARCH_USER_PATHS = NO;
				CLANG_ANALYZER_NONNULL = YES;
				CLANG_ANALYZER_NUMBER_OBJECT_CONVERSION = YES_AGGRESSIVE;
				CLANG_CXX_LANGUAGE_STANDARD = "gnu++14";
				CLANG_CXX_LIBRARY = "libc++";
				CLANG_ENABLE_MODULES = YES;
				CLANG_ENABLE_OBJC_ARC = YES;
				CLANG_ENABLE_OBJC_WEAK = YES;
				CLANG_WARN_BLOCK_CAPTURE_AUTORELEASING = YES;
				CLANG_WARN_BOOL_CONVERSION = YES;
				CLANG_WARN_COMMA = YES;
				CLANG_WARN_CONSTANT_CONVERSION = YES;
				CLANG_WARN_DEPRECATED_OBJC_IMPLEMENTATIONS = YES;
				CLANG_WARN_DIRECT_OBJC_ISA_USAGE = YES_ERROR;
				CLANG_WARN_DOCUMENTATION_COMMENTS = YES;
				CLANG_WARN_EMPTY_BODY = YES;
				CLANG_WARN_ENUM_CONVERSION = YES;
				CLANG_WARN_INFINITE_RECURSION = YES;
				CLANG_WARN_INT_CONVERSION = YES;
				CLANG_WARN_NON_LITERAL_NULL_CONVERSION = YES;
				CLANG_WARN_OBJC_IMPLICIT_RETAIN_SELF = YES;
				CLANG_WARN_OBJC_LITERAL_CONVERSION = YES;
				CLANG_WARN_OBJC_ROOT_CLASS = YES_ERROR;
				CLANG_WARN_QUOTED_INCLUDE_IN_FRAMEWORK_HEADER = YES;
				CLANG_WARN_RANGE_LOOP_ANALYSIS = YES;
				CLANG_WARN_STRICT_PROTOTYPES = YES;
				CLANG_WARN_SUSPICIOUS_MOVE = YES;
				CLANG_WARN_UNGUARDED_AVAILABILITY = YES_AGGRESSIVE;
				CLANG_WARN_UNREACHABLE_CODE = YES;
				CLANG_WARN__DUPLICATE_METHOD_MATCH = YES;
				COPY_PHASE_STRIP = NO;
				DEBUG_INFORMATION_FORMAT = dwarf;
				ENABLE_STRICT_OBJC_MSGSEND = YES;
				ENABLE_TESTABILITY = YES;
				GCC_C_LANGUAGE_STANDARD = gnu11;
				GCC_DYNAMIC_NO_PIC = NO;
				GCC_NO_COMMON_BLOCKS = YES;
				GCC_OPTIMIZATION_LEVEL = 0;
				GCC_PREPROCESSOR_DEFINITIONS = (
					"DEBUG=1",
					"$(inherited)",
				);
				GCC_WARN_64_TO_32_BIT_CONVERSION = YES;
				GCC_WARN_ABOUT_RETURN_TYPE = YES_ERROR;
				GCC_WARN_UNDECLARED_SELECTOR = YES;
				GCC_WARN_UNINITIALIZED_AUTOS = YES_AGGRESSIVE;
				GCC_WARN_UNUSED_FUNCTION = YES;
				GCC_WARN_UNUSED_VARIABLE = YES;
				IPHONEOS_DEPLOYMENT_TARGET = 14.0;
				MTL_ENABLE_DEBUG_INFO = INCLUDE_SOURCE;
				MTL_FAST_MATH = YES;
				ONLY_ACTIVE_ARCH = YES;
				SDKROOT = iphoneos;
				SWIFT_ACTIVE_COMPILATION_CONDITIONS = DEBUG;
				SWIFT_OPTIMIZATION_LEVEL = "-Onone";
			};
			name = Debug;
		};
		6499839B2532288D0064EB9F /* Release */ = {
			isa = XCBuildConfiguration;
			buildSettings = {
				ALWAYS_SEARCH_USER_PATHS = NO;
				CLANG_ANALYZER_NONNULL = YES;
				CLANG_ANALYZER_NUMBER_OBJECT_CONVERSION = YES_AGGRESSIVE;
				CLANG_CXX_LANGUAGE_STANDARD = "gnu++14";
				CLANG_CXX_LIBRARY = "libc++";
				CLANG_ENABLE_MODULES = YES;
				CLANG_ENABLE_OBJC_ARC = YES;
				CLANG_ENABLE_OBJC_WEAK = YES;
				CLANG_WARN_BLOCK_CAPTURE_AUTORELEASING = YES;
				CLANG_WARN_BOOL_CONVERSION = YES;
				CLANG_WARN_COMMA = YES;
				CLANG_WARN_CONSTANT_CONVERSION = YES;
				CLANG_WARN_DEPRECATED_OBJC_IMPLEMENTATIONS = YES;
				CLANG_WARN_DIRECT_OBJC_ISA_USAGE = YES_ERROR;
				CLANG_WARN_DOCUMENTATION_COMMENTS = YES;
				CLANG_WARN_EMPTY_BODY = YES;
				CLANG_WARN_ENUM_CONVERSION = YES;
				CLANG_WARN_INFINITE_RECURSION = YES;
				CLANG_WARN_INT_CONVERSION = YES;
				CLANG_WARN_NON_LITERAL_NULL_CONVERSION = YES;
				CLANG_WARN_OBJC_IMPLICIT_RETAIN_SELF = YES;
				CLANG_WARN_OBJC_LITERAL_CONVERSION = YES;
				CLANG_WARN_OBJC_ROOT_CLASS = YES_ERROR;
				CLANG_WARN_QUOTED_INCLUDE_IN_FRAMEWORK_HEADER = YES;
				CLANG_WARN_RANGE_LOOP_ANALYSIS = YES;
				CLANG_WARN_STRICT_PROTOTYPES = YES;
				CLANG_WARN_SUSPICIOUS_MOVE = YES;
				CLANG_WARN_UNGUARDED_AVAILABILITY = YES_AGGRESSIVE;
				CLANG_WARN_UNREACHABLE_CODE = YES;
				CLANG_WARN__DUPLICATE_METHOD_MATCH = YES;
				COPY_PHASE_STRIP = NO;
				DEBUG_INFORMATION_FORMAT = "dwarf-with-dsym";
				ENABLE_NS_ASSERTIONS = NO;
				ENABLE_STRICT_OBJC_MSGSEND = YES;
				GCC_C_LANGUAGE_STANDARD = gnu11;
				GCC_NO_COMMON_BLOCKS = YES;
				GCC_WARN_64_TO_32_BIT_CONVERSION = YES;
				GCC_WARN_ABOUT_RETURN_TYPE = YES_ERROR;
				GCC_WARN_UNDECLARED_SELECTOR = YES;
				GCC_WARN_UNINITIALIZED_AUTOS = YES_AGGRESSIVE;
				GCC_WARN_UNUSED_FUNCTION = YES;
				GCC_WARN_UNUSED_VARIABLE = YES;
				IPHONEOS_DEPLOYMENT_TARGET = 14.0;
				MTL_ENABLE_DEBUG_INFO = NO;
				MTL_FAST_MATH = YES;
				SDKROOT = iphoneos;
				SWIFT_COMPILATION_MODE = wholemodule;
				SWIFT_OPTIMIZATION_LEVEL = "-O";
				VALIDATE_PRODUCT = YES;
			};
			name = Release;
		};
		6499839D2532288D0064EB9F /* Debug */ = {
			isa = XCBuildConfiguration;
			buildSettings = {
				ASSETCATALOG_COMPILER_APPICON_NAME = AppIcon;
				ASSETCATALOG_COMPILER_GLOBAL_ACCENT_COLOR_NAME = AccentColor;
				CODE_SIGN_STYLE = Automatic;
				DEVELOPMENT_ASSET_PATHS = "\"Gethack/Preview Content\"";
				DEVELOPMENT_TEAM = UDGF2JUP82;
				ENABLE_PREVIEWS = YES;
				INFOPLIST_FILE = Gethack/Supporting/Info.plist;
				IPHONEOS_DEPLOYMENT_TARGET = 14.0;
				LD_RUNPATH_SEARCH_PATHS = (
					"$(inherited)",
					"@executable_path/Frameworks",
				);
				PRODUCT_BUNDLE_IDENTIFIER = br.com.pulmo.Gethack;
				PRODUCT_NAME = "$(TARGET_NAME)";
				SWIFT_VERSION = 5.0;
				TARGETED_DEVICE_FAMILY = "1,2";
			};
			name = Debug;
		};
		6499839E2532288D0064EB9F /* Release */ = {
			isa = XCBuildConfiguration;
			buildSettings = {
				ASSETCATALOG_COMPILER_APPICON_NAME = AppIcon;
				ASSETCATALOG_COMPILER_GLOBAL_ACCENT_COLOR_NAME = AccentColor;
				CODE_SIGN_STYLE = Automatic;
				DEVELOPMENT_ASSET_PATHS = "\"Gethack/Preview Content\"";
				DEVELOPMENT_TEAM = UDGF2JUP82;
				ENABLE_PREVIEWS = YES;
				INFOPLIST_FILE = Gethack/Supporting/Info.plist;
				IPHONEOS_DEPLOYMENT_TARGET = 14.0;
				LD_RUNPATH_SEARCH_PATHS = (
					"$(inherited)",
					"@executable_path/Frameworks",
				);
				PRODUCT_BUNDLE_IDENTIFIER = br.com.pulmo.Gethack;
				PRODUCT_NAME = "$(TARGET_NAME)";
				SWIFT_VERSION = 5.0;
				TARGETED_DEVICE_FAMILY = "1,2";
			};
			name = Release;
		};
		649983A02532288D0064EB9F /* Debug */ = {
			isa = XCBuildConfiguration;
			buildSettings = {
				ALWAYS_EMBED_SWIFT_STANDARD_LIBRARIES = YES;
				BUNDLE_LOADER = "$(TEST_HOST)";
				CODE_SIGN_STYLE = Automatic;
				DEVELOPMENT_TEAM = UDGF2JUP82;
				INFOPLIST_FILE = GethackTests/Info.plist;
				IPHONEOS_DEPLOYMENT_TARGET = 14.0;
				LD_RUNPATH_SEARCH_PATHS = (
					"$(inherited)",
					"@executable_path/Frameworks",
					"@loader_path/Frameworks",
				);
				PRODUCT_BUNDLE_IDENTIFIER = br.com.pulmo.GethackTests;
				PRODUCT_NAME = "$(TARGET_NAME)";
				SWIFT_VERSION = 5.0;
				TARGETED_DEVICE_FAMILY = "1,2";
				TEST_HOST = "$(BUILT_PRODUCTS_DIR)/Gethack.app/Gethack";
			};
			name = Debug;
		};
		649983A12532288D0064EB9F /* Release */ = {
			isa = XCBuildConfiguration;
			buildSettings = {
				ALWAYS_EMBED_SWIFT_STANDARD_LIBRARIES = YES;
				BUNDLE_LOADER = "$(TEST_HOST)";
				CODE_SIGN_STYLE = Automatic;
				DEVELOPMENT_TEAM = UDGF2JUP82;
				INFOPLIST_FILE = GethackTests/Info.plist;
				IPHONEOS_DEPLOYMENT_TARGET = 14.0;
				LD_RUNPATH_SEARCH_PATHS = (
					"$(inherited)",
					"@executable_path/Frameworks",
					"@loader_path/Frameworks",
				);
				PRODUCT_BUNDLE_IDENTIFIER = br.com.pulmo.GethackTests;
				PRODUCT_NAME = "$(TARGET_NAME)";
				SWIFT_VERSION = 5.0;
				TARGETED_DEVICE_FAMILY = "1,2";
				TEST_HOST = "$(BUILT_PRODUCTS_DIR)/Gethack.app/Gethack";
			};
			name = Release;
		};
		649983A32532288D0064EB9F /* Debug */ = {
			isa = XCBuildConfiguration;
			buildSettings = {
				ALWAYS_EMBED_SWIFT_STANDARD_LIBRARIES = YES;
				CODE_SIGN_STYLE = Automatic;
				DEVELOPMENT_TEAM = UDGF2JUP82;
				INFOPLIST_FILE = GethackUITests/Info.plist;
				LD_RUNPATH_SEARCH_PATHS = (
					"$(inherited)",
					"@executable_path/Frameworks",
					"@loader_path/Frameworks",
				);
				PRODUCT_BUNDLE_IDENTIFIER = br.com.pulmo.GethackUITests;
				PRODUCT_NAME = "$(TARGET_NAME)";
				SWIFT_VERSION = 5.0;
				TARGETED_DEVICE_FAMILY = "1,2";
				TEST_TARGET_NAME = Gethack;
			};
			name = Debug;
		};
		649983A42532288D0064EB9F /* Release */ = {
			isa = XCBuildConfiguration;
			buildSettings = {
				ALWAYS_EMBED_SWIFT_STANDARD_LIBRARIES = YES;
				CODE_SIGN_STYLE = Automatic;
				DEVELOPMENT_TEAM = UDGF2JUP82;
				INFOPLIST_FILE = GethackUITests/Info.plist;
				LD_RUNPATH_SEARCH_PATHS = (
					"$(inherited)",
					"@executable_path/Frameworks",
					"@loader_path/Frameworks",
				);
				PRODUCT_BUNDLE_IDENTIFIER = br.com.pulmo.GethackUITests;
				PRODUCT_NAME = "$(TARGET_NAME)";
				SWIFT_VERSION = 5.0;
				TARGETED_DEVICE_FAMILY = "1,2";
				TEST_TARGET_NAME = Gethack;
			};
			name = Release;
		};
/* End XCBuildConfiguration section */

/* Begin XCConfigurationList section */
		649983722532288B0064EB9F /* Build configuration list for PBXProject "Gethack" */ = {
			isa = XCConfigurationList;
			buildConfigurations = (
				6499839A2532288D0064EB9F /* Debug */,
				6499839B2532288D0064EB9F /* Release */,
			);
			defaultConfigurationIsVisible = 0;
			defaultConfigurationName = Release;
		};
		6499839C2532288D0064EB9F /* Build configuration list for PBXNativeTarget "Gethack" */ = {
			isa = XCConfigurationList;
			buildConfigurations = (
				6499839D2532288D0064EB9F /* Debug */,
				6499839E2532288D0064EB9F /* Release */,
			);
			defaultConfigurationIsVisible = 0;
			defaultConfigurationName = Release;
		};
		6499839F2532288D0064EB9F /* Build configuration list for PBXNativeTarget "GethackTests" */ = {
			isa = XCConfigurationList;
			buildConfigurations = (
				649983A02532288D0064EB9F /* Debug */,
				649983A12532288D0064EB9F /* Release */,
			);
			defaultConfigurationIsVisible = 0;
			defaultConfigurationName = Release;
		};
		649983A22532288D0064EB9F /* Build configuration list for PBXNativeTarget "GethackUITests" */ = {
			isa = XCConfigurationList;
			buildConfigurations = (
				649983A32532288D0064EB9F /* Debug */,
				649983A42532288D0064EB9F /* Release */,
			);
			defaultConfigurationIsVisible = 0;
			defaultConfigurationName = Release;
		};
/* End XCConfigurationList section */
	};
	rootObject = 6499836F2532288B0064EB9F /* Project object */;
}
